# This file is automatically @generated by Cargo.
# It is not intended for manual editing.
version = 4

[[package]]
name = "corona-core"
version = "0.1.0"

[[package]]
name = "erasure-types"
version = "0.1.0"
dependencies = [
 "corona-core",
]

[[package]]
name = "merkle-types"
version = "0.1.0"

[[package]]
name = "threshold-types"
version = "0.1.0"
dependencies = [
 "corona-core",
]

[[package]]
name = "vss-types"
version = "0.1.0"
dependencies = [
 "corona-core",
]
