# This file is automatically @generated by Cargo.
# It is not intended for manual editing.
version = 4

[[package]]
name = "accumulator-types"
version = "0.1.0"

[[package]]
name = "corona-core"
version = "0.1.0"

[[package]]
name = "ecash-types"
version = "0.1.0"

[[package]]
name = "erasure-types"
version = "0.1.0"
dependencies = [
 "corona-core",
]

[[package]]
name = "fountain-types"
version = "0.1.0"

[[package]]
name = "frost-types"
version = "0.1.0"
dependencies = [
 "corona-core",
]

[[package]]
name = "lamport-types"
version = "0.1.0"

[[package]]
name = "merkle-types"
version = "0.1.0"

[[package]]
name = "mss-types"
version = "0.1.0"
dependencies = [
 "lamport-types",
 "merkle-types",
]

[[package]]
name = "ratchet-types"
version = "0.1.0"

[[package]]
name = "static-config-types"
version = "0.1.0"
dependencies = [
 "corona-core",
]

[[package]]
name = "threshold-types"
version = "0.1.0"
dependencies = [
 "corona-core",
]

[[package]]
name = "vid-types"
version = "0.1.0"
dependencies = [
 "corona-core",
 "erasure-types",
 "merkle-types",
]

[[package]]
name = "vss-types"
version = "0.1.0"
dependencies = [
 "corona-core",
]
